
Microsoft Visual Studio Solution File, Format Version 11.00
# Visual Studio 2010
Project("{FAE04EC0-301F-11D3-BF4B-00C04F79EFBC}") = "MidiHero", "Assembly-CSharp.csproj", "{EF04199F-F813-C4CF-BE48-B322385BB331}"
EndProject
Project("{FAE04EC0-301F-11D3-BF4B-00C04F79EFBC}") = "MidiHero", "Assembly-CSharp-Editor.csproj", "{5C2BB171-1525-85D3-BF9E-C3C3B3E596C8}"
EndProject
Global
	GlobalSection(SolutionConfigurationPlatforms) = preSolution
		Debug|Any CPU = Debug|Any CPU
		Release|Any CPU = Release|Any CPU
	EndGlobalSection
	GlobalSection(ProjectConfigurationPlatforms) = postSolution
		{EF04199F-F813-C4CF-BE48-B322385BB331}.Debug|Any CPU.ActiveCfg = Debug|Any CPU
		{EF04199F-F813-C4CF-BE48-B322385BB331}.Debug|Any CPU.Build.0 = Debug|Any CPU
		{EF04199F-F813-C4CF-BE48-B322385BB331}.Release|Any CPU.ActiveCfg = Release|Any CPU
		{EF04199F-F813-C4CF-BE48-B322385BB331}.Release|Any CPU.Build.0 = Release|Any CPU
		{5C2BB171-1525-85D3-BF9E-C3C3B3E596C8}.Debug|Any CPU.ActiveCfg = Debug|Any CPU
		{5C2BB171-1525-85D3-BF9E-C3C3B3E596C8}.Debug|Any CPU.Build.0 = Debug|Any CPU
		{5C2BB171-1525-85D3-BF9E-C3C3B3E596C8}.Release|Any CPU.ActiveCfg = Release|Any CPU
		{5C2BB171-1525-85D3-BF9E-C3C3B3E596C8}.Release|Any CPU.Build.0 = Release|Any CPU
	EndGlobalSection
	GlobalSection(SolutionProperties) = preSolution
		HideSolutionNode = FALSE
	EndGlobalSection
	GlobalSection(MonoDevelopProperties) = preSolution
		StartupItem = Assembly-CSharp.csproj
	EndGlobalSection
EndGlobal
